// !$*UTF8*$!
{
	archiveVersion = 1;
	classes = {
	};
	objectVersion = 48;
	objects = {

/* Begin PBXBuildFile section */
		3807B17C87412CC2C06713BF /* Pods_GustOfis.framework in Frameworks */ = {isa = PBXBuildFile; fileRef = 61D98482FCD074E365399BC4 /* Pods_GustOfis.framework */; };
		57262235C79A9B43186DB475 /* Pods_GustOfisTests.framework in Frameworks */ = {isa = PBXBuildFile; fileRef = CC66623FFBEECC8D4146720D /* Pods_GustOfisTests.framework */; };
		6C20B50D207523BD001D7A78 /* NewMemberTwoViewController.swift in Sources */ = {isa = PBXBuildFile; fileRef = 6C20B50B207523BD001D7A78 /* NewMemberTwoViewController.swift */; };
		6C20B50E207523BD001D7A78 /* NewMemberTwoViewController.xib in Resources */ = {isa = PBXBuildFile; fileRef = 6C20B50C207523BD001D7A78 /* NewMemberTwoViewController.xib */; };
		6C20B5112075266D001D7A78 /* ProfileViewController.swift in Sources */ = {isa = PBXBuildFile; fileRef = 6C20B50F2075266D001D7A78 /* ProfileViewController.swift */; };
		6C20B5122075266D001D7A78 /* ProfileViewController.xib in Resources */ = {isa = PBXBuildFile; fileRef = 6C20B5102075266D001D7A78 /* ProfileViewController.xib */; };
		6C20B51520752768001D7A78 /* HomeViewController.swift in Sources */ = {isa = PBXBuildFile; fileRef = 6C20B51320752768001D7A78 /* HomeViewController.swift */; };
		6C20B51620752768001D7A78 /* HomeViewController.xib in Resources */ = {isa = PBXBuildFile; fileRef = 6C20B51420752768001D7A78 /* HomeViewController.xib */; };
		6C22B07220736FEC00C73AB9 /* Categorie.swift in Sources */ = {isa = PBXBuildFile; fileRef = 6C22B07120736FEC00C73AB9 /* Categorie.swift */; };
		6C22B0742073719700C73AB9 /* Product.swift in Sources */ = {isa = PBXBuildFile; fileRef = 6C22B0732073719700C73AB9 /* Product.swift */; };
		6C3291E8207244B700DBFC5E /* Order.swift in Sources */ = {isa = PBXBuildFile; fileRef = 6C3291E7207244B700DBFC5E /* Order.swift */; };
		6C3BA60E2075091D00B7F411 /* LaunchScreen.xib in Resources */ = {isa = PBXBuildFile; fileRef = 6C3BA60D2075091D00B7F411 /* LaunchScreen.xib */; };
		6C3BA614207512F400B7F411 /* Default.png in Resources */ = {isa = PBXBuildFile; fileRef = 6C3BA613207512F400B7F411 /* Default.png */; };
		6C3BA617207515E400B7F411 /* LoginScreenViewController.swift in Sources */ = {isa = PBXBuildFile; fileRef = 6C3BA615207515E400B7F411 /* LoginScreenViewController.swift */; };
		6C3BA618207515E400B7F411 /* LoginScreenViewController.xib in Resources */ = {isa = PBXBuildFile; fileRef = 6C3BA616207515E400B7F411 /* LoginScreenViewController.xib */; };
		6C3BA61B20751ADF00B7F411 /* NewMemberViewController.swift in Sources */ = {isa = PBXBuildFile; fileRef = 6C3BA61920751ADF00B7F411 /* NewMemberViewController.swift */; };
		6C3BA61C20751ADF00B7F411 /* NewMemberViewController.xib in Resources */ = {isa = PBXBuildFile; fileRef = 6C3BA61A20751ADF00B7F411 /* NewMemberViewController.xib */; };
		6C40A9A2207E68E5000FF25F /* LocationTableViewCell.swift in Sources */ = {isa = PBXBuildFile; fileRef = 6C40A9A0207E68E5000FF25F /* LocationTableViewCell.swift */; };
		6C40A9A3207E68E5000FF25F /* LocationTableViewCell.xib in Resources */ = {isa = PBXBuildFile; fileRef = 6C40A9A1207E68E5000FF25F /* LocationTableViewCell.xib */; };
		6C4BB1BB207D068500320E90 /* LocationSelectionView.swift in Sources */ = {isa = PBXBuildFile; fileRef = 6C4BB1BA207D068500320E90 /* LocationSelectionView.swift */; };
		6C4BB1BD207D06A300320E90 /* LocationSelectionView.xib in Resources */ = {isa = PBXBuildFile; fileRef = 6C4BB1BC207D06A300320E90 /* LocationSelectionView.xib */; };
		6C8FFD05206BD23800C5698E /* AppDelegate.swift in Sources */ = {isa = PBXBuildFile; fileRef = 6C8FFD04206BD23800C5698E /* AppDelegate.swift */; };
		6C8FFD07206BD23800C5698E /* ViewController.swift in Sources */ = {isa = PBXBuildFile; fileRef = 6C8FFD06206BD23800C5698E /* ViewController.swift */; };
		6C8FFD0A206BD23800C5698E /* Main.storyboard in Resources */ = {isa = PBXBuildFile; fileRef = 6C8FFD08206BD23800C5698E /* Main.storyboard */; };
		6C8FFD0C206BD23800C5698E /* Assets.xcassets in Resources */ = {isa = PBXBuildFile; fileRef = 6C8FFD0B206BD23800C5698E /* Assets.xcassets */; };
		6C8FFD1A206BD23900C5698E /* GustOfisTests.swift in Sources */ = {isa = PBXBuildFile; fileRef = 6C8FFD19206BD23900C5698E /* GustOfisTests.swift */; };
		6C8FFD25206BD23900C5698E /* GustOfisUITests.swift in Sources */ = {isa = PBXBuildFile; fileRef = 6C8FFD24206BD23900C5698E /* GustOfisUITests.swift */; };
		6C8FFD35206BD61900C5698E /* ViewController.xib in Resources */ = {isa = PBXBuildFile; fileRef = 6C8FFD34206BD61900C5698E /* ViewController.xib */; };
		6C8FFD3A206BEFE800C5698E /* FirstViewController.swift in Sources */ = {isa = PBXBuildFile; fileRef = 6C8FFD38206BEFE800C5698E /* FirstViewController.swift */; };
		6C8FFD3B206BEFE800C5698E /* FirstViewController.xib in Resources */ = {isa = PBXBuildFile; fileRef = 6C8FFD39206BEFE800C5698E /* FirstViewController.xib */; };
		6C8FFD3E206BEFF400C5698E /* SecondViewController.swift in Sources */ = {isa = PBXBuildFile; fileRef = 6C8FFD3C206BEFF400C5698E /* SecondViewController.swift */; };
		6C8FFD3F206BEFF400C5698E /* SecondViewController.xib in Resources */ = {isa = PBXBuildFile; fileRef = 6C8FFD3D206BEFF400C5698E /* SecondViewController.xib */; };
		6C8FFD42206BF00100C5698E /* ThirdViewController.swift in Sources */ = {isa = PBXBuildFile; fileRef = 6C8FFD40206BF00100C5698E /* ThirdViewController.swift */; };
		6C8FFD43206BF00100C5698E /* ThirdViewController.xib in Resources */ = {isa = PBXBuildFile; fileRef = 6C8FFD41206BF00100C5698E /* ThirdViewController.xib */; };
		6C8FFD46206BF00D00C5698E /* FourthViewController.swift in Sources */ = {isa = PBXBuildFile; fileRef = 6C8FFD44206BF00D00C5698E /* FourthViewController.swift */; };
		6C8FFD47206BF00D00C5698E /* FourthViewController.xib in Resources */ = {isa = PBXBuildFile; fileRef = 6C8FFD45206BF00D00C5698E /* FourthViewController.xib */; };
		6CC7BBAC206E2AC3003E5149 /* NetworkManager.swift in Sources */ = {isa = PBXBuildFile; fileRef = 6CC7BBAB206E2AC3003E5149 /* NetworkManager.swift */; };
		6CFC9DEC20739F4600615B1B /* Billing.swift in Sources */ = {isa = PBXBuildFile; fileRef = 6CFC9DEB20739F4600615B1B /* Billing.swift */; };
		6CFC9DF12074CB4400615B1B /* QRReaderView.swift in Sources */ = {isa = PBXBuildFile; fileRef = 6CFC9DF02074CB4400615B1B /* QRReaderView.swift */; };
		B1D25DC1B45ADFC6DE70C2D5 /* Pods_GustOfisUITests.framework in Frameworks */ = {isa = PBXBuildFile; fileRef = F173B4CB0D0ED8A35E3B81CC /* Pods_GustOfisUITests.framework */; };
/* End PBXBuildFile section */

/* Begin PBXContainerItemProxy section */
		6C8FFD16206BD23900C5698E /* PBXContainerItemProxy */ = {
			isa = PBXContainerItemProxy;
			containerPortal = 6C8FFCF9206BD23800C5698E /* Project object */;
			proxyType = 1;
			remoteGlobalIDString = 6C8FFD00206BD23800C5698E;
			remoteInfo = GustOfis;
		};
		6C8FFD21206BD23900C5698E /* PBXContainerItemProxy */ = {
			isa = PBXContainerItemProxy;
			containerPortal = 6C8FFCF9206BD23800C5698E /* Project object */;
			proxyType = 1;
			remoteGlobalIDString = 6C8FFD00206BD23800C5698E;
			remoteInfo = GustOfis;
		};
/* End PBXContainerItemProxy section */

/* Begin PBXFileReference section */
		50907C49E76C085EEA01DF55 /* Pods-GustOfis.release.xcconfig */ = {isa = PBXFileReference; includeInIndex = 1; lastKnownFileType = text.xcconfig; name = "Pods-GustOfis.release.xcconfig"; path = "Pods/Target Support Files/Pods-GustOfis/Pods-GustOfis.release.xcconfig"; sourceTree = "<group>"; };
		61D98482FCD074E365399BC4 /* Pods_GustOfis.framework */ = {isa = PBXFileReference; explicitFileType = wrapper.framework; includeInIndex = 0; path = Pods_GustOfis.framework; sourceTree = BUILT_PRODUCTS_DIR; };
		6C20B50B207523BD001D7A78 /* NewMemberTwoViewController.swift */ = {isa = PBXFileReference; lastKnownFileType = sourcecode.swift; path = NewMemberTwoViewController.swift; sourceTree = "<group>"; };
		6C20B50C207523BD001D7A78 /* NewMemberTwoViewController.xib */ = {isa = PBXFileReference; lastKnownFileType = file.xib; path = NewMemberTwoViewController.xib; sourceTree = "<group>"; };
		6C20B50F2075266D001D7A78 /* ProfileViewController.swift */ = {isa = PBXFileReference; lastKnownFileType = sourcecode.swift; path = ProfileViewController.swift; sourceTree = "<group>"; };
		6C20B5102075266D001D7A78 /* ProfileViewController.xib */ = {isa = PBXFileReference; lastKnownFileType = file.xib; path = ProfileViewController.xib; sourceTree = "<group>"; };
		6C20B51320752768001D7A78 /* HomeViewController.swift */ = {isa = PBXFileReference; lastKnownFileType = sourcecode.swift; path = HomeViewController.swift; sourceTree = "<group>"; };
		6C20B51420752768001D7A78 /* HomeViewController.xib */ = {isa = PBXFileReference; lastKnownFileType = file.xib; path = HomeViewController.xib; sourceTree = "<group>"; };
		6C22B07120736FEC00C73AB9 /* Categorie.swift */ = {isa = PBXFileReference; lastKnownFileType = sourcecode.swift; path = Categorie.swift; sourceTree = "<group>"; };
		6C22B0732073719700C73AB9 /* Product.swift */ = {isa = PBXFileReference; lastKnownFileType = sourcecode.swift; path = Product.swift; sourceTree = "<group>"; };
		6C3291E7207244B700DBFC5E /* Order.swift */ = {isa = PBXFileReference; lastKnownFileType = sourcecode.swift; path = Order.swift; sourceTree = "<group>"; };
		6C3BA60D2075091D00B7F411 /* LaunchScreen.xib */ = {isa = PBXFileReference; lastKnownFileType = file.xib; path = LaunchScreen.xib; sourceTree = "<group>"; };
		6C3BA613207512F400B7F411 /* Default.png */ = {isa = PBXFileReference; lastKnownFileType = image.png; path = Default.png; sourceTree = "<group>"; };
		6C3BA615207515E400B7F411 /* LoginScreenViewController.swift */ = {isa = PBXFileReference; lastKnownFileType = sourcecode.swift; path = LoginScreenViewController.swift; sourceTree = "<group>"; };
		6C3BA616207515E400B7F411 /* LoginScreenViewController.xib */ = {isa = PBXFileReference; lastKnownFileType = file.xib; path = LoginScreenViewController.xib; sourceTree = "<group>"; };
		6C3BA61920751ADF00B7F411 /* NewMemberViewController.swift */ = {isa = PBXFileReference; lastKnownFileType = sourcecode.swift; path = NewMemberViewController.swift; sourceTree = "<group>"; };
		6C3BA61A20751ADF00B7F411 /* NewMemberViewController.xib */ = {isa = PBXFileReference; lastKnownFileType = file.xib; path = NewMemberViewController.xib; sourceTree = "<group>"; };
		6C40A9A0207E68E5000FF25F /* LocationTableViewCell.swift */ = {isa = PBXFileReference; lastKnownFileType = sourcecode.swift; path = LocationTableViewCell.swift; sourceTree = "<group>"; };
		6C40A9A1207E68E5000FF25F /* LocationTableViewCell.xib */ = {isa = PBXFileReference; lastKnownFileType = file.xib; path = LocationTableViewCell.xib; sourceTree = "<group>"; };
		6C4BB1BA207D068500320E90 /* LocationSelectionView.swift */ = {isa = PBXFileReference; lastKnownFileType = sourcecode.swift; path = LocationSelectionView.swift; sourceTree = "<group>"; };
		6C4BB1BC207D06A300320E90 /* LocationSelectionView.xib */ = {isa = PBXFileReference; lastKnownFileType = file.xib; path = LocationSelectionView.xib; sourceTree = "<group>"; };
		6C8FFD01206BD23800C5698E /* GustOfis.app */ = {isa = PBXFileReference; explicitFileType = wrapper.application; includeInIndex = 0; path = GustOfis.app; sourceTree = BUILT_PRODUCTS_DIR; };
		6C8FFD04206BD23800C5698E /* AppDelegate.swift */ = {isa = PBXFileReference; lastKnownFileType = sourcecode.swift; path = AppDelegate.swift; sourceTree = "<group>"; };
		6C8FFD06206BD23800C5698E /* ViewController.swift */ = {isa = PBXFileReference; lastKnownFileType = sourcecode.swift; path = ViewController.swift; sourceTree = "<group>"; };
		6C8FFD09206BD23800C5698E /* Base */ = {isa = PBXFileReference; lastKnownFileType = file.storyboard; name = Base; path = Base.lproj/Main.storyboard; sourceTree = "<group>"; };
		6C8FFD0B206BD23800C5698E /* Assets.xcassets */ = {isa = PBXFileReference; lastKnownFileType = folder.assetcatalog; path = Assets.xcassets; sourceTree = "<group>"; };
		6C8FFD10206BD23800C5698E /* Info.plist */ = {isa = PBXFileReference; lastKnownFileType = text.plist.xml; path = Info.plist; sourceTree = "<group>"; };
		6C8FFD15206BD23900C5698E /* GustOfisTests.xctest */ = {isa = PBXFileReference; explicitFileType = wrapper.cfbundle; includeInIndex = 0; path = GustOfisTests.xctest; sourceTree = BUILT_PRODUCTS_DIR; };
		6C8FFD19206BD23900C5698E /* GustOfisTests.swift */ = {isa = PBXFileReference; lastKnownFileType = sourcecode.swift; path = GustOfisTests.swift; sourceTree = "<group>"; };
		6C8FFD1B206BD23900C5698E /* Info.plist */ = {isa = PBXFileReference; lastKnownFileType = text.plist.xml; path = Info.plist; sourceTree = "<group>"; };
		6C8FFD20206BD23900C5698E /* GustOfisUITests.xctest */ = {isa = PBXFileReference; explicitFileType = wrapper.cfbundle; includeInIndex = 0; path = GustOfisUITests.xctest; sourceTree = BUILT_PRODUCTS_DIR; };
		6C8FFD24206BD23900C5698E /* GustOfisUITests.swift */ = {isa = PBXFileReference; lastKnownFileType = sourcecode.swift; path = GustOfisUITests.swift; sourceTree = "<group>"; };
		6C8FFD26206BD23900C5698E /* Info.plist */ = {isa = PBXFileReference; lastKnownFileType = text.plist.xml; path = Info.plist; sourceTree = "<group>"; };
		6C8FFD34206BD61900C5698E /* ViewController.xib */ = {isa = PBXFileReference; lastKnownFileType = file.xib; path = ViewController.xib; sourceTree = "<group>"; };
		6C8FFD38206BEFE800C5698E /* FirstViewController.swift */ = {isa = PBXFileReference; lastKnownFileType = sourcecode.swift; path = FirstViewController.swift; sourceTree = "<group>"; };
		6C8FFD39206BEFE800C5698E /* FirstViewController.xib */ = {isa = PBXFileReference; lastKnownFileType = file.xib; path = FirstViewController.xib; sourceTree = "<group>"; };
		6C8FFD3C206BEFF400C5698E /* SecondViewController.swift */ = {isa = PBXFileReference; lastKnownFileType = sourcecode.swift; path = SecondViewController.swift; sourceTree = "<group>"; };
		6C8FFD3D206BEFF400C5698E /* SecondViewController.xib */ = {isa = PBXFileReference; lastKnownFileType = file.xib; path = SecondViewController.xib; sourceTree = "<group>"; };
		6C8FFD40206BF00100C5698E /* ThirdViewController.swift */ = {isa = PBXFileReference; lastKnownFileType = sourcecode.swift; path = ThirdViewController.swift; sourceTree = "<group>"; };
		6C8FFD41206BF00100C5698E /* ThirdViewController.xib */ = {isa = PBXFileReference; lastKnownFileType = file.xib; path = ThirdViewController.xib; sourceTree = "<group>"; };
		6C8FFD44206BF00D00C5698E /* FourthViewController.swift */ = {isa = PBXFileReference; lastKnownFileType = sourcecode.swift; path = FourthViewController.swift; sourceTree = "<group>"; };
		6C8FFD45206BF00D00C5698E /* FourthViewController.xib */ = {isa = PBXFileReference; lastKnownFileType = file.xib; path = FourthViewController.xib; sourceTree = "<group>"; };
		6CC7BBAB206E2AC3003E5149 /* NetworkManager.swift */ = {isa = PBXFileReference; lastKnownFileType = sourcecode.swift; path = NetworkManager.swift; sourceTree = "<group>"; };
		6CD431C42076790B008D045C /* Proxima Nova Semibold.otf */ = {isa = PBXFileReference; lastKnownFileType = file; path = "Proxima Nova Semibold.otf"; sourceTree = "<group>"; };
		6CD431C52076790B008D045C /* Bitter-Bold.otf */ = {isa = PBXFileReference; lastKnownFileType = file; path = "Bitter-Bold.otf"; sourceTree = "<group>"; };
		6CD431C62076790B008D045C /* Bitter-Regular.otf */ = {isa = PBXFileReference; lastKnownFileType = file; path = "Bitter-Regular.otf"; sourceTree = "<group>"; };
		6CD431C72076790C008D045C /* Proxima Nova Regular.otf */ = {isa = PBXFileReference; lastKnownFileType = file; path = "Proxima Nova Regular.otf"; sourceTree = "<group>"; };
		6CFC9DEB20739F4600615B1B /* Billing.swift */ = {isa = PBXFileReference; lastKnownFileType = sourcecode.swift; path = Billing.swift; sourceTree = "<group>"; };
		6CFC9DF02074CB4400615B1B /* QRReaderView.swift */ = {isa = PBXFileReference; lastKnownFileType = sourcecode.swift; path = QRReaderView.swift; sourceTree = "<group>"; };
		6E9D5A4D2B1FC1ABF86FAB36 /* Pods-GustOfis.debug.xcconfig */ = {isa = PBXFileReference; includeInIndex = 1; lastKnownFileType = text.xcconfig; name = "Pods-GustOfis.debug.xcconfig"; path = "Pods/Target Support Files/Pods-GustOfis/Pods-GustOfis.debug.xcconfig"; sourceTree = "<group>"; };
		9CA505761DA3DE20D4D9625B /* Pods-GustOfisUITests.debug.xcconfig */ = {isa = PBXFileReference; includeInIndex = 1; lastKnownFileType = text.xcconfig; name = "Pods-GustOfisUITests.debug.xcconfig"; path = "Pods/Target Support Files/Pods-GustOfisUITests/Pods-GustOfisUITests.debug.xcconfig"; sourceTree = "<group>"; };
		CC66623FFBEECC8D4146720D /* Pods_GustOfisTests.framework */ = {isa = PBXFileReference; explicitFileType = wrapper.framework; includeInIndex = 0; path = Pods_GustOfisTests.framework; sourceTree = BUILT_PRODUCTS_DIR; };
		F0905C31BE130B6547AB6DF9 /* Pods-GustOfisUITests.release.xcconfig */ = {isa = PBXFileReference; includeInIndex = 1; lastKnownFileType = text.xcconfig; name = "Pods-GustOfisUITests.release.xcconfig"; path = "Pods/Target Support Files/Pods-GustOfisUITests/Pods-GustOfisUITests.release.xcconfig"; sourceTree = "<group>"; };
		F173B4CB0D0ED8A35E3B81CC /* Pods_GustOfisUITests.framework */ = {isa = PBXFileReference; explicitFileType = wrapper.framework; includeInIndex = 0; path = Pods_GustOfisUITests.framework; sourceTree = BUILT_PRODUCTS_DIR; };
		F704D3653549EE7830DE1A13 /* Pods-GustOfisTests.debug.xcconfig */ = {isa = PBXFileReference; includeInIndex = 1; lastKnownFileType = text.xcconfig; name = "Pods-GustOfisTests.debug.xcconfig"; path = "Pods/Target Support Files/Pods-GustOfisTests/Pods-GustOfisTests.debug.xcconfig"; sourceTree = "<group>"; };
		FEB4DA611DD9243F0CBACCB9 /* Pods-GustOfisTests.release.xcconfig */ = {isa = PBXFileReference; includeInIndex = 1; lastKnownFileType = text.xcconfig; name = "Pods-GustOfisTests.release.xcconfig"; path = "Pods/Target Support Files/Pods-GustOfisTests/Pods-GustOfisTests.release.xcconfig"; sourceTree = "<group>"; };
/* End PBXFileReference section */

/* Begin PBXFrameworksBuildPhase section */
		6C8FFCFE206BD23800C5698E /* Frameworks */ = {
			isa = PBXFrameworksBuildPhase;
			buildActionMask = 2147483647;
			files = (
				3807B17C87412CC2C06713BF /* Pods_GustOfis.framework in Frameworks */,
			);
			runOnlyForDeploymentPostprocessing = 0;
		};
		6C8FFD12206BD23900C5698E /* Frameworks */ = {
			isa = PBXFrameworksBuildPhase;
			buildActionMask = 2147483647;
			files = (
				57262235C79A9B43186DB475 /* Pods_GustOfisTests.framework in Frameworks */,
			);
			runOnlyForDeploymentPostprocessing = 0;
		};
		6C8FFD1D206BD23900C5698E /* Frameworks */ = {
			isa = PBXFrameworksBuildPhase;
			buildActionMask = 2147483647;
			files = (
				B1D25DC1B45ADFC6DE70C2D5 /* Pods_GustOfisUITests.framework in Frameworks */,
			);
			runOnlyForDeploymentPostprocessing = 0;
		};
/* End PBXFrameworksBuildPhase section */

/* Begin PBXGroup section */
		103F6A9B95D857626ABDC2FF /* Pods */ = {
			isa = PBXGroup;
			children = (
				6E9D5A4D2B1FC1ABF86FAB36 /* Pods-GustOfis.debug.xcconfig */,
				50907C49E76C085EEA01DF55 /* Pods-GustOfis.release.xcconfig */,
				F704D3653549EE7830DE1A13 /* Pods-GustOfisTests.debug.xcconfig */,
				FEB4DA611DD9243F0CBACCB9 /* Pods-GustOfisTests.release.xcconfig */,
				9CA505761DA3DE20D4D9625B /* Pods-GustOfisUITests.debug.xcconfig */,
				F0905C31BE130B6547AB6DF9 /* Pods-GustOfisUITests.release.xcconfig */,
			);
			name = Pods;
			sourceTree = "<group>";
		};
		6C3BA612207512B600B7F411 /* Assets */ = {
			isa = PBXGroup;
			children = (
				6C3BA613207512F400B7F411 /* Default.png */,
			);
			path = Assets;
			sourceTree = "<group>";
		};
		6C40A9A4207E68ED000FF25F /* Cells */ = {
			isa = PBXGroup;
			children = (
				6C40A9A0207E68E5000FF25F /* LocationTableViewCell.swift */,
				6C40A9A1207E68E5000FF25F /* LocationTableViewCell.xib */,
			);
			path = Cells;
			sourceTree = "<group>";
		};
		6C4BB1B9207D063800320E90 /* Views */ = {
			isa = PBXGroup;
			children = (
				6CFC9DF02074CB4400615B1B /* QRReaderView.swift */,
				6C4BB1BA207D068500320E90 /* LocationSelectionView.swift */,
				6C4BB1BC207D06A300320E90 /* LocationSelectionView.xib */,
			);
			path = Views;
			sourceTree = "<group>";
		};
		6C8FFCF8206BD23800C5698E = {
			isa = PBXGroup;
			children = (
				6C8FFD03206BD23800C5698E /* GustOfis */,
				6C3BA612207512B600B7F411 /* Assets */,
				6C8FFD18206BD23900C5698E /* GustOfisTests */,
				6C8FFD23206BD23900C5698E /* GustOfisUITests */,
				6C8FFD02206BD23800C5698E /* Products */,
				103F6A9B95D857626ABDC2FF /* Pods */,
				90AAEFDA191C60242D4F857C /* Frameworks */,
			);
			sourceTree = "<group>";
		};
		6C8FFD02206BD23800C5698E /* Products */ = {
			isa = PBXGroup;
			children = (
				6C8FFD01206BD23800C5698E /* GustOfis.app */,
				6C8FFD15206BD23900C5698E /* GustOfisTests.xctest */,
				6C8FFD20206BD23900C5698E /* GustOfisUITests.xctest */,
			);
			name = Products;
			sourceTree = "<group>";
		};
		6C8FFD03206BD23800C5698E /* GustOfis */ = {
			isa = PBXGroup;
			children = (
				6C8FFD04206BD23800C5698E /* AppDelegate.swift */,
				6C91B54E2073993B0073560D /* ViewControllers */,
				6C91B54F207399560073560D /* Models */,
				6C4BB1B9207D063800320E90 /* Views */,
				6C91B550207399650073560D /* Managers */,
				6CD431C820767911008D045C /* Fonts */,
				6C8FFD08206BD23800C5698E /* Main.storyboard */,
				6C8FFD0B206BD23800C5698E /* Assets.xcassets */,
				6C8FFD10206BD23800C5698E /* Info.plist */,
				6C3BA60D2075091D00B7F411 /* LaunchScreen.xib */,
				6C40A9A4207E68ED000FF25F /* Cells */,
			);
			path = GustOfis;
			sourceTree = "<group>";
		};
		6C8FFD18206BD23900C5698E /* GustOfisTests */ = {
			isa = PBXGroup;
			children = (
				6C8FFD19206BD23900C5698E /* GustOfisTests.swift */,
				6C8FFD1B206BD23900C5698E /* Info.plist */,
			);
			path = GustOfisTests;
			sourceTree = "<group>";
		};
		6C8FFD23206BD23900C5698E /* GustOfisUITests */ = {
			isa = PBXGroup;
			children = (
				6C8FFD24206BD23900C5698E /* GustOfisUITests.swift */,
				6C8FFD26206BD23900C5698E /* Info.plist */,
			);
			path = GustOfisUITests;
			sourceTree = "<group>";
		};
		6C91B54E2073993B0073560D /* ViewControllers */ = {
			isa = PBXGroup;
			children = (
				6C8FFD06206BD23800C5698E /* ViewController.swift */,
				6C8FFD34206BD61900C5698E /* ViewController.xib */,
				6C8FFD38206BEFE800C5698E /* FirstViewController.swift */,
				6C8FFD39206BEFE800C5698E /* FirstViewController.xib */,
				6C8FFD3C206BEFF400C5698E /* SecondViewController.swift */,
				6C8FFD3D206BEFF400C5698E /* SecondViewController.xib */,
				6C8FFD40206BF00100C5698E /* ThirdViewController.swift */,
				6C8FFD41206BF00100C5698E /* ThirdViewController.xib */,
				6C8FFD44206BF00D00C5698E /* FourthViewController.swift */,
				6C8FFD45206BF00D00C5698E /* FourthViewController.xib */,
				6C3BA615207515E400B7F411 /* LoginScreenViewController.swift */,
				6C3BA616207515E400B7F411 /* LoginScreenViewController.xib */,
				6C3BA61920751ADF00B7F411 /* NewMemberViewController.swift */,
				6C3BA61A20751ADF00B7F411 /* NewMemberViewController.xib */,
				6C20B50B207523BD001D7A78 /* NewMemberTwoViewController.swift */,
				6C20B50C207523BD001D7A78 /* NewMemberTwoViewController.xib */,
				6C20B50F2075266D001D7A78 /* ProfileViewController.swift */,
				6C20B5102075266D001D7A78 /* ProfileViewController.xib */,
				6C20B51320752768001D7A78 /* HomeViewController.swift */,
				6C20B51420752768001D7A78 /* HomeViewController.xib */,
			);
			path = ViewControllers;
			sourceTree = "<group>";
		};
		6C91B54F207399560073560D /* Models */ = {
			isa = PBXGroup;
			children = (
				6C3291E7207244B700DBFC5E /* Order.swift */,
				6C22B07120736FEC00C73AB9 /* Categorie.swift */,
				6C22B0732073719700C73AB9 /* Product.swift */,
				6CFC9DEB20739F4600615B1B /* Billing.swift */,
			);
			path = Models;
			sourceTree = "<group>";
		};
		6C91B550207399650073560D /* Managers */ = {
			isa = PBXGroup;
			children = (
				6CC7BBAB206E2AC3003E5149 /* NetworkManager.swift */,
			);
			path = Managers;
			sourceTree = "<group>";
		};
		6CD431C820767911008D045C /* Fonts */ = {
			isa = PBXGroup;
			children = (
				6CD431C52076790B008D045C /* Bitter-Bold.otf */,
				6CD431C62076790B008D045C /* Bitter-Regular.otf */,
				6CD431C72076790C008D045C /* Proxima Nova Regular.otf */,
				6CD431C42076790B008D045C /* Proxima Nova Semibold.otf */,
			);
			path = Fonts;
			sourceTree = "<group>";
		};
		90AAEFDA191C60242D4F857C /* Frameworks */ = {
			isa = PBXGroup;
			children = (
				61D98482FCD074E365399BC4 /* Pods_GustOfis.framework */,
				CC66623FFBEECC8D4146720D /* Pods_GustOfisTests.framework */,
				F173B4CB0D0ED8A35E3B81CC /* Pods_GustOfisUITests.framework */,
			);
			name = Frameworks;
			sourceTree = "<group>";
		};
/* End PBXGroup section */

/* Begin PBXNativeTarget section */
		6C8FFD00206BD23800C5698E /* GustOfis */ = {
			isa = PBXNativeTarget;
			buildConfigurationList = 6C8FFD29206BD23900C5698E /* Build configuration list for PBXNativeTarget "GustOfis" */;
			buildPhases = (
				CA8B39B321476D66F99244B0 /* [CP] Check Pods Manifest.lock */,
				6C8FFCFD206BD23800C5698E /* Sources */,
				6C8FFCFE206BD23800C5698E /* Frameworks */,
				6C8FFCFF206BD23800C5698E /* Resources */,
				9EE17409A5BDBE4DF19FDC27 /* [CP] Embed Pods Frameworks */,
				CE93068F0B3469348FFA32FA /* [CP] Copy Pods Resources */,
				6CFC9DED2074C14300615B1B /* ShellScript */,
			);
			buildRules = (
			);
			dependencies = (
			);
			name = GustOfis;
			productName = GustOfis;
			productReference = 6C8FFD01206BD23800C5698E /* GustOfis.app */;
			productType = "com.apple.product-type.application";
		};
		6C8FFD14206BD23900C5698E /* GustOfisTests */ = {
			isa = PBXNativeTarget;
			buildConfigurationList = 6C8FFD2C206BD23900C5698E /* Build configuration list for PBXNativeTarget "GustOfisTests" */;
			buildPhases = (
				12015BCE1B80132A60639C52 /* [CP] Check Pods Manifest.lock */,
				6C8FFD11206BD23900C5698E /* Sources */,
				6C8FFD12206BD23900C5698E /* Frameworks */,
				6C8FFD13206BD23900C5698E /* Resources */,
				66D3F70FCC712BE2E3B4EC8F /* [CP] Embed Pods Frameworks */,
				9B4103445649247F90DC234F /* [CP] Copy Pods Resources */,
			);
			buildRules = (
			);
			dependencies = (
				6C8FFD17206BD23900C5698E /* PBXTargetDependency */,
			);
			name = GustOfisTests;
			productName = GustOfisTests;
			productReference = 6C8FFD15206BD23900C5698E /* GustOfisTests.xctest */;
			productType = "com.apple.product-type.bundle.unit-test";
		};
		6C8FFD1F206BD23900C5698E /* GustOfisUITests */ = {
			isa = PBXNativeTarget;
			buildConfigurationList = 6C8FFD2F206BD23900C5698E /* Build configuration list for PBXNativeTarget "GustOfisUITests" */;
			buildPhases = (
				FFCCE2254275C4CCCF3F362D /* [CP] Check Pods Manifest.lock */,
				6C8FFD1C206BD23900C5698E /* Sources */,
				6C8FFD1D206BD23900C5698E /* Frameworks */,
				6C8FFD1E206BD23900C5698E /* Resources */,
				139AB6C78C59354C34947EC1 /* [CP] Embed Pods Frameworks */,
				79190E7D983ED3EC11105EED /* [CP] Copy Pods Resources */,
			);
			buildRules = (
			);
			dependencies = (
				6C8FFD22206BD23900C5698E /* PBXTargetDependency */,
			);
			name = GustOfisUITests;
			productName = GustOfisUITests;
			productReference = 6C8FFD20206BD23900C5698E /* GustOfisUITests.xctest */;
			productType = "com.apple.product-type.bundle.ui-testing";
		};
/* End PBXNativeTarget section */

/* Begin PBXProject section */
		6C8FFCF9206BD23800C5698E /* Project object */ = {
			isa = PBXProject;
			attributes = {
				LastSwiftUpdateCheck = 0920;
				LastUpgradeCheck = 0920;
				ORGANIZATIONNAME = "Cihangir Sungur";
				TargetAttributes = {
					6C8FFD00206BD23800C5698E = {
						CreatedOnToolsVersion = 9.2;
						ProvisioningStyle = Automatic;
					};
					6C8FFD14206BD23900C5698E = {
						CreatedOnToolsVersion = 9.2;
						ProvisioningStyle = Automatic;
						TestTargetID = 6C8FFD00206BD23800C5698E;
					};
					6C8FFD1F206BD23900C5698E = {
						CreatedOnToolsVersion = 9.2;
						ProvisioningStyle = Automatic;
						TestTargetID = 6C8FFD00206BD23800C5698E;
					};
				};
			};
			buildConfigurationList = 6C8FFCFC206BD23800C5698E /* Build configuration list for PBXProject "GustOfis" */;
			compatibilityVersion = "Xcode 8.0";
			developmentRegion = en;
			hasScannedForEncodings = 0;
			knownRegions = (
				en,
				Base,
			);
			mainGroup = 6C8FFCF8206BD23800C5698E;
			productRefGroup = 6C8FFD02206BD23800C5698E /* Products */;
			projectDirPath = "";
			projectRoot = "";
			targets = (
				6C8FFD00206BD23800C5698E /* GustOfis */,
				6C8FFD14206BD23900C5698E /* GustOfisTests */,
				6C8FFD1F206BD23900C5698E /* GustOfisUITests */,
			);
		};
/* End PBXProject section */

/* Begin PBXResourcesBuildPhase section */
		6C8FFCFF206BD23800C5698E /* Resources */ = {
			isa = PBXResourcesBuildPhase;
			buildActionMask = 2147483647;
			files = (
				6C8FFD47206BF00D00C5698E /* FourthViewController.xib in Resources */,
				6C3BA61C20751ADF00B7F411 /* NewMemberViewController.xib in Resources */,
				6C8FFD43206BF00100C5698E /* ThirdViewController.xib in Resources */,
				6C20B5122075266D001D7A78 /* ProfileViewController.xib in Resources */,
				6C8FFD3B206BEFE800C5698E /* FirstViewController.xib in Resources */,
				6C20B51620752768001D7A78 /* HomeViewController.xib in Resources */,
				6C40A9A3207E68E5000FF25F /* LocationTableViewCell.xib in Resources */,
				6C8FFD3F206BEFF400C5698E /* SecondViewController.xib in Resources */,
				6C3BA618207515E400B7F411 /* LoginScreenViewController.xib in Resources */,
				6C8FFD0C206BD23800C5698E /* Assets.xcassets in Resources */,
				6C8FFD35206BD61900C5698E /* ViewController.xib in Resources */,
				6C3BA60E2075091D00B7F411 /* LaunchScreen.xib in Resources */,
				6C8FFD0A206BD23800C5698E /* Main.storyboard in Resources */,
				6C4BB1BD207D06A300320E90 /* LocationSelectionView.xib in Resources */,
				6C20B50E207523BD001D7A78 /* NewMemberTwoViewController.xib in Resources */,
				6C3BA614207512F400B7F411 /* Default.png in Resources */,
			);
			runOnlyForDeploymentPostprocessing = 0;
		};
		6C8FFD13206BD23900C5698E /* Resources */ = {
			isa = PBXResourcesBuildPhase;
			buildActionMask = 2147483647;
			files = (
			);
			runOnlyForDeploymentPostprocessing = 0;
		};
		6C8FFD1E206BD23900C5698E /* Resources */ = {
			isa = PBXResourcesBuildPhase;
			buildActionMask = 2147483647;
			files = (
			);
			runOnlyForDeploymentPostprocessing = 0;
		};
/* End PBXResourcesBuildPhase section */

/* Begin PBXShellScriptBuildPhase section */
		12015BCE1B80132A60639C52 /* [CP] Check Pods Manifest.lock */ = {
			isa = PBXShellScriptBuildPhase;
			buildActionMask = 2147483647;
			files = (
			);
			inputPaths = (
				"${PODS_PODFILE_DIR_PATH}/Podfile.lock",
				"${PODS_ROOT}/Manifest.lock",
			);
			name = "[CP] Check Pods Manifest.lock";
			outputPaths = (
				"$(DERIVED_FILE_DIR)/Pods-GustOfisTests-checkManifestLockResult.txt",
			);
			runOnlyForDeploymentPostprocessing = 0;
			shellPath = /bin/sh;
			shellScript = "diff \"${PODS_PODFILE_DIR_PATH}/Podfile.lock\" \"${PODS_ROOT}/Manifest.lock\" > /dev/null\nif [ $? != 0 ] ; then\n    # print error to STDERR\n    echo \"error: The sandbox is not in sync with the Podfile.lock. Run 'pod install' or update your CocoaPods installation.\" >&2\n    exit 1\nfi\n# This output is used by Xcode 'outputs' to avoid re-running this script phase.\necho \"SUCCESS\" > \"${SCRIPT_OUTPUT_FILE_0}\"\n";
			showEnvVarsInLog = 0;
		};
		139AB6C78C59354C34947EC1 /* [CP] Embed Pods Frameworks */ = {
			isa = PBXShellScriptBuildPhase;
			buildActionMask = 2147483647;
			files = (
			);
			inputPaths = (
			);
			name = "[CP] Embed Pods Frameworks";
			outputPaths = (
			);
			runOnlyForDeploymentPostprocessing = 0;
			shellPath = /bin/sh;
			shellScript = "\"${SRCROOT}/Pods/Target Support Files/Pods-GustOfisUITests/Pods-GustOfisUITests-frameworks.sh\"\n";
			showEnvVarsInLog = 0;
		};
		66D3F70FCC712BE2E3B4EC8F /* [CP] Embed Pods Frameworks */ = {
			isa = PBXShellScriptBuildPhase;
			buildActionMask = 2147483647;
			files = (
			);
			inputPaths = (
			);
			name = "[CP] Embed Pods Frameworks";
			outputPaths = (
			);
			runOnlyForDeploymentPostprocessing = 0;
			shellPath = /bin/sh;
			shellScript = "\"${SRCROOT}/Pods/Target Support Files/Pods-GustOfisTests/Pods-GustOfisTests-frameworks.sh\"\n";
			showEnvVarsInLog = 0;
		};
		6CFC9DED2074C14300615B1B /* ShellScript */ = {
			isa = PBXShellScriptBuildPhase;
			buildActionMask = 2147483647;
			files = (
			);
			inputPaths = (
			);
			outputPaths = (
			);
			runOnlyForDeploymentPostprocessing = 0;
			shellPath = /bin/sh;
			shellScript = "\"${PODS_ROOT}/Fabric/run\" 394f7e19466d90437c345f8f95e613d93d92d2b7 2579bbb6eee0f15904c3dd54953897e3044acf76ece4cdbf3622b5bdde12ffdd";
		};
		79190E7D983ED3EC11105EED /* [CP] Copy Pods Resources */ = {
			isa = PBXShellScriptBuildPhase;
			buildActionMask = 2147483647;
			files = (
			);
			inputPaths = (
			);
			name = "[CP] Copy Pods Resources";
			outputPaths = (
			);
			runOnlyForDeploymentPostprocessing = 0;
			shellPath = /bin/sh;
			shellScript = "\"${SRCROOT}/Pods/Target Support Files/Pods-GustOfisUITests/Pods-GustOfisUITests-resources.sh\"\n";
			showEnvVarsInLog = 0;
		};
		9B4103445649247F90DC234F /* [CP] Copy Pods Resources */ = {
			isa = PBXShellScriptBuildPhase;
			buildActionMask = 2147483647;
			files = (
			);
			inputPaths = (
			);
			name = "[CP] Copy Pods Resources";
			outputPaths = (
			);
			runOnlyForDeploymentPostprocessing = 0;
			shellPath = /bin/sh;
			shellScript = "\"${SRCROOT}/Pods/Target Support Files/Pods-GustOfisTests/Pods-GustOfisTests-resources.sh\"\n";
			showEnvVarsInLog = 0;
		};
		9EE17409A5BDBE4DF19FDC27 /* [CP] Embed Pods Frameworks */ = {
			isa = PBXShellScriptBuildPhase;
			buildActionMask = 2147483647;
			files = (
			);
			inputPaths = (
				"${SRCROOT}/Pods/Target Support Files/Pods-GustOfis/Pods-GustOfis-frameworks.sh",
				"${BUILT_PRODUCTS_DIR}/Alamofire/Alamofire.framework",
				"${BUILT_PRODUCTS_DIR}/AlamofireObjectMapper/AlamofireObjectMapper.framework",
				"${BUILT_PRODUCTS_DIR}/JGProgressHUD/JGProgressHUD.framework",
				"${BUILT_PRODUCTS_DIR}/ObjectMapper/ObjectMapper.framework",
				"${BUILT_PRODUCTS_DIR}/QRCodeReader.swift/QRCodeReader.framework",
			);
			name = "[CP] Embed Pods Frameworks";
			outputPaths = (
				"${TARGET_BUILD_DIR}/${FRAMEWORKS_FOLDER_PATH}/Alamofire.framework",
				"${TARGET_BUILD_DIR}/${FRAMEWORKS_FOLDER_PATH}/AlamofireObjectMapper.framework",
				"${TARGET_BUILD_DIR}/${FRAMEWORKS_FOLDER_PATH}/JGProgressHUD.framework",
				"${TARGET_BUILD_DIR}/${FRAMEWORKS_FOLDER_PATH}/ObjectMapper.framework",
				"${TARGET_BUILD_DIR}/${FRAMEWORKS_FOLDER_PATH}/QRCodeReader.framework",
			);
			runOnlyForDeploymentPostprocessing = 0;
			shellPath = /bin/sh;
			shellScript = "\"${SRCROOT}/Pods/Target Support Files/Pods-GustOfis/Pods-GustOfis-frameworks.sh\"\n";
			showEnvVarsInLog = 0;
		};
		CA8B39B321476D66F99244B0 /* [CP] Check Pods Manifest.lock */ = {
			isa = PBXShellScriptBuildPhase;
			buildActionMask = 2147483647;
			files = (
			);
			inputPaths = (
				"${PODS_PODFILE_DIR_PATH}/Podfile.lock",
				"${PODS_ROOT}/Manifest.lock",
			);
			name = "[CP] Check Pods Manifest.lock";
			outputPaths = (
				"$(DERIVED_FILE_DIR)/Pods-GustOfis-checkManifestLockResult.txt",
			);
			runOnlyForDeploymentPostprocessing = 0;
			shellPath = /bin/sh;
			shellScript = "diff \"${PODS_PODFILE_DIR_PATH}/Podfile.lock\" \"${PODS_ROOT}/Manifest.lock\" > /dev/null\nif [ $? != 0 ] ; then\n    # print error to STDERR\n    echo \"error: The sandbox is not in sync with the Podfile.lock. Run 'pod install' or update your CocoaPods installation.\" >&2\n    exit 1\nfi\n# This output is used by Xcode 'outputs' to avoid re-running this script phase.\necho \"SUCCESS\" > \"${SCRIPT_OUTPUT_FILE_0}\"\n";
			showEnvVarsInLog = 0;
		};
		CE93068F0B3469348FFA32FA /* [CP] Copy Pods Resources */ = {
			isa = PBXShellScriptBuildPhase;
			buildActionMask = 2147483647;
			files = (
			);
			inputPaths = (
			);
			name = "[CP] Copy Pods Resources";
			outputPaths = (
			);
			runOnlyForDeploymentPostprocessing = 0;
			shellPath = /bin/sh;
			shellScript = "\"${SRCROOT}/Pods/Target Support Files/Pods-GustOfis/Pods-GustOfis-resources.sh\"\n";
			showEnvVarsInLog = 0;
		};
		FFCCE2254275C4CCCF3F362D /* [CP] Check Pods Manifest.lock */ = {
			isa = PBXShellScriptBuildPhase;
			buildActionMask = 2147483647;
			files = (
			);
			inputPaths = (
				"${PODS_PODFILE_DIR_PATH}/Podfile.lock",
				"${PODS_ROOT}/Manifest.lock",
			);
			name = "[CP] Check Pods Manifest.lock";
			outputPaths = (
				"$(DERIVED_FILE_DIR)/Pods-GustOfisUITests-checkManifestLockResult.txt",
			);
			runOnlyForDeploymentPostprocessing = 0;
			shellPath = /bin/sh;
			shellScript = "diff \"${PODS_PODFILE_DIR_PATH}/Podfile.lock\" \"${PODS_ROOT}/Manifest.lock\" > /dev/null\nif [ $? != 0 ] ; then\n    # print error to STDERR\n    echo \"error: The sandbox is not in sync with the Podfile.lock. Run 'pod install' or update your CocoaPods installation.\" >&2\n    exit 1\nfi\n# This output is used by Xcode 'outputs' to avoid re-running this script phase.\necho \"SUCCESS\" > \"${SCRIPT_OUTPUT_FILE_0}\"\n";
			showEnvVarsInLog = 0;
		};
/* End PBXShellScriptBuildPhase section */

/* Begin PBXSourcesBuildPhase section */
		6C8FFCFD206BD23800C5698E /* Sources */ = {
			isa = PBXSourcesBuildPhase;
			buildActionMask = 2147483647;
			files = (
				6CFC9DEC20739F4600615B1B /* Billing.swift in Sources */,
				6C8FFD46206BF00D00C5698E /* FourthViewController.swift in Sources */,
				6C4BB1BB207D068500320E90 /* LocationSelectionView.swift in Sources */,
				6C22B07220736FEC00C73AB9 /* Categorie.swift in Sources */,
				6C20B51520752768001D7A78 /* HomeViewController.swift in Sources */,
				6C8FFD3E206BEFF400C5698E /* SecondViewController.swift in Sources */,
				6C3291E8207244B700DBFC5E /* Order.swift in Sources */,
				6C8FFD3A206BEFE800C5698E /* FirstViewController.swift in Sources */,
				6C20B5112075266D001D7A78 /* ProfileViewController.swift in Sources */,
				6C20B50D207523BD001D7A78 /* NewMemberTwoViewController.swift in Sources */,
				6CFC9DF12074CB4400615B1B /* QRReaderView.swift in Sources */,
				6C22B0742073719700C73AB9 /* Product.swift in Sources */,
				6CC7BBAC206E2AC3003E5149 /* NetworkManager.swift in Sources */,
				6C40A9A2207E68E5000FF25F /* LocationTableViewCell.swift in Sources */,
				6C8FFD42206BF00100C5698E /* ThirdViewController.swift in Sources */,
				6C8FFD07206BD23800C5698E /* ViewController.swift in Sources */,
				6C3BA61B20751ADF00B7F411 /* NewMemberViewController.swift in Sources */,
				6C3BA617207515E400B7F411 /* LoginScreenViewController.swift in Sources */,
				6C8FFD05206BD23800C5698E /* AppDelegate.swift in Sources */,
			);
			runOnlyForDeploymentPostprocessing = 0;
		};
		6C8FFD11206BD23900C5698E /* Sources */ = {
			isa = PBXSourcesBuildPhase;
			buildActionMask = 2147483647;
			files = (
				6C8FFD1A206BD23900C5698E /* GustOfisTests.swift in Sources */,
			);
			runOnlyForDeploymentPostprocessing = 0;
		};
		6C8FFD1C206BD23900C5698E /* Sources */ = {
			isa = PBXSourcesBuildPhase;
			buildActionMask = 2147483647;
			files = (
				6C8FFD25206BD23900C5698E /* GustOfisUITests.swift in Sources */,
			);
			runOnlyForDeploymentPostprocessing = 0;
		};
/* End PBXSourcesBuildPhase section */

/* Begin PBXTargetDependency section */
		6C8FFD17206BD23900C5698E /* PBXTargetDependency */ = {
			isa = PBXTargetDependency;
			target = 6C8FFD00206BD23800C5698E /* GustOfis */;
			targetProxy = 6C8FFD16206BD23900C5698E /* PBXContainerItemProxy */;
		};
		6C8FFD22206BD23900C5698E /* PBXTargetDependency */ = {
			isa = PBXTargetDependency;
			target = 6C8FFD00206BD23800C5698E /* GustOfis */;
			targetProxy = 6C8FFD21206BD23900C5698E /* PBXContainerItemProxy */;
		};
/* End PBXTargetDependency section */

/* Begin PBXVariantGroup section */
		6C8FFD08206BD23800C5698E /* Main.storyboard */ = {
			isa = PBXVariantGroup;
			children = (
				6C8FFD09206BD23800C5698E /* Base */,
			);
			name = Main.storyboard;
			sourceTree = "<group>";
		};
/* End PBXVariantGroup section */

/* Begin XCBuildConfiguration section */
		6C8FFD27206BD23900C5698E /* Debug */ = {
			isa = XCBuildConfiguration;
			buildSettings = {
				ALWAYS_SEARCH_USER_PATHS = NO;
				CLANG_ANALYZER_NONNULL = YES;
				CLANG_ANALYZER_NUMBER_OBJECT_CONVERSION = YES_AGGRESSIVE;
				CLANG_CXX_LANGUAGE_STANDARD = "gnu++14";
				CLANG_CXX_LIBRARY = "libc++";
				CLANG_ENABLE_MODULES = YES;
				CLANG_ENABLE_OBJC_ARC = YES;
				CLANG_WARN_BLOCK_CAPTURE_AUTORELEASING = YES;
				CLANG_WARN_BOOL_CONVERSION = YES;
				CLANG_WARN_COMMA = YES;
				CLANG_WARN_CONSTANT_CONVERSION = YES;
				CLANG_WARN_DIRECT_OBJC_ISA_USAGE = YES_ERROR;
				CLANG_WARN_DOCUMENTATION_COMMENTS = YES;
				CLANG_WARN_EMPTY_BODY = YES;
				CLANG_WARN_ENUM_CONVERSION = YES;
				CLANG_WARN_INFINITE_RECURSION = YES;
				CLANG_WARN_INT_CONVERSION = YES;
				CLANG_WARN_NON_LITERAL_NULL_CONVERSION = YES;
				CLANG_WARN_OBJC_LITERAL_CONVERSION = YES;
				CLANG_WARN_OBJC_ROOT_CLASS = YES_ERROR;
				CLANG_WARN_RANGE_LOOP_ANALYSIS = YES;
				CLANG_WARN_STRICT_PROTOTYPES = YES;
				CLANG_WARN_SUSPICIOUS_MOVE = YES;
				CLANG_WARN_UNGUARDED_AVAILABILITY = YES_AGGRESSIVE;
				CLANG_WARN_UNREACHABLE_CODE = YES;
				CLANG_WARN__DUPLICATE_METHOD_MATCH = YES;
				CODE_SIGN_IDENTITY = "iPhone Developer";
				COPY_PHASE_STRIP = NO;
				DEBUG_INFORMATION_FORMAT = "dwarf-with-dsym";
				ENABLE_STRICT_OBJC_MSGSEND = YES;
				ENABLE_TESTABILITY = YES;
				GCC_C_LANGUAGE_STANDARD = gnu11;
				GCC_DYNAMIC_NO_PIC = NO;
				GCC_NO_COMMON_BLOCKS = YES;
				GCC_OPTIMIZATION_LEVEL = 0;
				GCC_PREPROCESSOR_DEFINITIONS = (
					"DEBUG=1",
					"$(inherited)",
				);
				GCC_WARN_64_TO_32_BIT_CONVERSION = YES;
				GCC_WARN_ABOUT_RETURN_TYPE = YES_ERROR;
				GCC_WARN_UNDECLARED_SELECTOR = YES;
				GCC_WARN_UNINITIALIZED_AUTOS = YES_AGGRESSIVE;
				GCC_WARN_UNUSED_FUNCTION = YES;
				GCC_WARN_UNUSED_VARIABLE = YES;
				IPHONEOS_DEPLOYMENT_TARGET = 11.2;
				MTL_ENABLE_DEBUG_INFO = YES;
				ONLY_ACTIVE_ARCH = YES;
				SDKROOT = iphoneos;
				SWIFT_ACTIVE_COMPILATION_CONDITIONS = DEBUG;
				SWIFT_OPTIMIZATION_LEVEL = "-Onone";
			};
			name = Debug;
		};
		6C8FFD28206BD23900C5698E /* Release */ = {
			isa = XCBuildConfiguration;
			buildSettings = {
				ALWAYS_SEARCH_USER_PATHS = NO;
				CLANG_ANALYZER_NONNULL = YES;
				CLANG_ANALYZER_NUMBER_OBJECT_CONVERSION = YES_AGGRESSIVE;
				CLANG_CXX_LANGUAGE_STANDARD = "gnu++14";
				CLANG_CXX_LIBRARY = "libc++";
				CLANG_ENABLE_MODULES = YES;
				CLANG_ENABLE_OBJC_ARC = YES;
				CLANG_WARN_BLOCK_CAPTURE_AUTORELEASING = YES;
				CLANG_WARN_BOOL_CONVERSION = YES;
				CLANG_WARN_COMMA = YES;
				CLANG_WARN_CONSTANT_CONVERSION = YES;
				CLANG_WARN_DIRECT_OBJC_ISA_USAGE = YES_ERROR;
				CLANG_WARN_DOCUMENTATION_COMMENTS = YES;
				CLANG_WARN_EMPTY_BODY = YES;
				CLANG_WARN_ENUM_CONVERSION = YES;
				CLANG_WARN_INFINITE_RECURSION = YES;
				CLANG_WARN_INT_CONVERSION = YES;
				CLANG_WARN_NON_LITERAL_NULL_CONVERSION = YES;
				CLANG_WARN_OBJC_LITERAL_CONVERSION = YES;
				CLANG_WARN_OBJC_ROOT_CLASS = YES_ERROR;
				CLANG_WARN_RANGE_LOOP_ANALYSIS = YES;
				CLANG_WARN_STRICT_PROTOTYPES = YES;
				CLANG_WARN_SUSPICIOUS_MOVE = YES;
				CLANG_WARN_UNGUARDED_AVAILABILITY = YES_AGGRESSIVE;
				CLANG_WARN_UNREACHABLE_CODE = YES;
				CLANG_WARN__DUPLICATE_METHOD_MATCH = YES;
				CODE_SIGN_IDENTITY = "iPhone Developer";
				COPY_PHASE_STRIP = NO;
				DEBUG_INFORMATION_FORMAT = "dwarf-with-dsym";
				ENABLE_NS_ASSERTIONS = NO;
				ENABLE_STRICT_OBJC_MSGSEND = YES;
				GCC_C_LANGUAGE_STANDARD = gnu11;
				GCC_NO_COMMON_BLOCKS = YES;
				GCC_WARN_64_TO_32_BIT_CONVERSION = YES;
				GCC_WARN_ABOUT_RETURN_TYPE = YES_ERROR;
				GCC_WARN_UNDECLARED_SELECTOR = YES;
				GCC_WARN_UNINITIALIZED_AUTOS = YES_AGGRESSIVE;
				GCC_WARN_UNUSED_FUNCTION = YES;
				GCC_WARN_UNUSED_VARIABLE = YES;
				IPHONEOS_DEPLOYMENT_TARGET = 11.2;
				MTL_ENABLE_DEBUG_INFO = NO;
				SDKROOT = iphoneos;
				SWIFT_OPTIMIZATION_LEVEL = "-Owholemodule";
				VALIDATE_PRODUCT = YES;
			};
			name = Release;
		};
		6C8FFD2A206BD23900C5698E /* Debug */ = {
			isa = XCBuildConfiguration;
			baseConfigurationReference = 6E9D5A4D2B1FC1ABF86FAB36 /* Pods-GustOfis.debug.xcconfig */;
			buildSettings = {
				ASSETCATALOG_COMPILER_APPICON_NAME = AppIcon;
				ASSETCATALOG_COMPILER_LAUNCHIMAGE_NAME = LaunchImage;
				CODE_SIGN_STYLE = Automatic;
				DEVELOPMENT_TEAM = B2K2MQG792;
				INFOPLIST_FILE = GustOfis/Info.plist;
				IPHONEOS_DEPLOYMENT_TARGET = 9.0;
				LD_RUNPATH_SEARCH_PATHS = "$(inherited) @executable_path/Frameworks";
				PRODUCT_BUNDLE_IDENTIFIER = com.voden.GustOfis;
				PRODUCT_NAME = "$(TARGET_NAME)";
				SWIFT_VERSION = 4.0;
				TARGETED_DEVICE_FAMILY = "1,2";
			};
			name = Debug;
		};
		6C8FFD2B206BD23900C5698E /* Release */ = {
			isa = XCBuildConfiguration;
			baseConfigurationReference = 50907C49E76C085EEA01DF55 /* Pods-GustOfis.release.xcconfig */;
			buildSettings = {
				ASSETCATALOG_COMPILER_APPICON_NAME = AppIcon;
				ASSETCATALOG_COMPILER_LAUNCHIMAGE_NAME = LaunchImage;
				CODE_SIGN_STYLE = Automatic;
				DEVELOPMENT_TEAM = B2K2MQG792;
				INFOPLIST_FILE = GustOfis/Info.plist;
				IPHONEOS_DEPLOYMENT_TARGET = 9.0;
				LD_RUNPATH_SEARCH_PATHS = "$(inherited) @executable_path/Frameworks";
				PRODUCT_BUNDLE_IDENTIFIER = com.voden.GustOfis;
				PRODUCT_NAME = "$(TARGET_NAME)";
				SWIFT_VERSION = 4.0;
				TARGETED_DEVICE_FAMILY = "1,2";
			};
			name = Release;
		};
		6C8FFD2D206BD23900C5698E /* Debug */ = {
			isa = XCBuildConfiguration;
			baseConfigurationReference = F704D3653549EE7830DE1A13 /* Pods-GustOfisTests.debug.xcconfig */;
			buildSettings = {
				ALWAYS_EMBED_SWIFT_STANDARD_LIBRARIES = YES;
				BUNDLE_LOADER = "$(TEST_HOST)";
				CODE_SIGN_STYLE = Automatic;
				DEVELOPMENT_TEAM = RXE52385M4;
				INFOPLIST_FILE = GustOfisTests/Info.plist;
				LD_RUNPATH_SEARCH_PATHS = "$(inherited) @executable_path/Frameworks @loader_path/Frameworks";
				PRODUCT_BUNDLE_IDENTIFIER = com.voden.GustOfisTests;
				PRODUCT_NAME = "$(TARGET_NAME)";
				SWIFT_VERSION = 4.0;
				TARGETED_DEVICE_FAMILY = "1,2";
				TEST_HOST = "$(BUILT_PRODUCTS_DIR)/GustOfis.app/GustOfis";
			};
			name = Debug;
		};
		6C8FFD2E206BD23900C5698E /* Release */ = {
			isa = XCBuildConfiguration;
			baseConfigurationReference = FEB4DA611DD9243F0CBACCB9 /* Pods-GustOfisTests.release.xcconfig */;
			buildSettings = {
				ALWAYS_EMBED_SWIFT_STANDARD_LIBRARIES = YES;
				BUNDLE_LOADER = "$(TEST_HOST)";
				CODE_SIGN_STYLE = Automatic;
				DEVELOPMENT_TEAM = RXE52385M4;
				INFOPLIST_FILE = GustOfisTests/Info.plist;
				LD_RUNPATH_SEARCH_PATHS = "$(inherited) @executable_path/Frameworks @loader_path/Frameworks";
				PRODUCT_BUNDLE_IDENTIFIER = com.voden.GustOfisTests;
				PRODUCT_NAME = "$(TARGET_NAME)";
				SWIFT_VERSION = 4.0;
				TARGETED_DEVICE_FAMILY = "1,2";
				TEST_HOST = "$(BUILT_PRODUCTS_DIR)/GustOfis.app/GustOfis";
			};
			name = Release;
		};
		6C8FFD30206BD23900C5698E /* Debug */ = {
			isa = XCBuildConfiguration;
			baseConfigurationReference = 9CA505761DA3DE20D4D9625B /* Pods-GustOfisUITests.debug.xcconfig */;
			buildSettings = {
				ALWAYS_EMBED_SWIFT_STANDARD_LIBRARIES = YES;
				CODE_SIGN_STYLE = Automatic;
				DEVELOPMENT_TEAM = RXE52385M4;
				INFOPLIST_FILE = GustOfisUITests/Info.plist;
				LD_RUNPATH_SEARCH_PATHS = "$(inherited) @executable_path/Frameworks @loader_path/Frameworks";
				PRODUCT_BUNDLE_IDENTIFIER = com.voden.GustOfisUITests;
				PRODUCT_NAME = "$(TARGET_NAME)";
				SWIFT_VERSION = 4.0;
				TARGETED_DEVICE_FAMILY = "1,2";
				TEST_TARGET_NAME = GustOfis;
			};
			name = Debug;
		};
		6C8FFD31206BD23900C5698E /* Release */ = {
			isa = XCBuildConfiguration;
			baseConfigurationReference = F0905C31BE130B6547AB6DF9 /* Pods-GustOfisUITests.release.xcconfig */;
			buildSettings = {
				ALWAYS_EMBED_SWIFT_STANDARD_LIBRARIES = YES;
				CODE_SIGN_STYLE = Automatic;
				DEVELOPMENT_TEAM = RXE52385M4;
				INFOPLIST_FILE = GustOfisUITests/Info.plist;
				LD_RUNPATH_SEARCH_PATHS = "$(inherited) @executable_path/Frameworks @loader_path/Frameworks";
				PRODUCT_BUNDLE_IDENTIFIER = com.voden.GustOfisUITests;
				PRODUCT_NAME = "$(TARGET_NAME)";
				SWIFT_VERSION = 4.0;
				TARGETED_DEVICE_FAMILY = "1,2";
				TEST_TARGET_NAME = GustOfis;
			};
			name = Release;
		};
/* End XCBuildConfiguration section */

/* Begin XCConfigurationList section */
		6C8FFCFC206BD23800C5698E /* Build configuration list for PBXProject "GustOfis" */ = {
			isa = XCConfigurationList;
			buildConfigurations = (
				6C8FFD27206BD23900C5698E /* Debug */,
				6C8FFD28206BD23900C5698E /* Release */,
			);
			defaultConfigurationIsVisible = 0;
			defaultConfigurationName = Release;
		};
		6C8FFD29206BD23900C5698E /* Build configuration list for PBXNativeTarget "GustOfis" */ = {
			isa = XCConfigurationList;
			buildConfigurations = (
				6C8FFD2A206BD23900C5698E /* Debug */,
				6C8FFD2B206BD23900C5698E /* Release */,
			);
			defaultConfigurationIsVisible = 0;
			defaultConfigurationName = Release;
		};
		6C8FFD2C206BD23900C5698E /* Build configuration list for PBXNativeTarget "GustOfisTests" */ = {
			isa = XCConfigurationList;
			buildConfigurations = (
				6C8FFD2D206BD23900C5698E /* Debug */,
				6C8FFD2E206BD23900C5698E /* Release */,
			);
			defaultConfigurationIsVisible = 0;
			defaultConfigurationName = Release;
		};
		6C8FFD2F206BD23900C5698E /* Build configuration list for PBXNativeTarget "GustOfisUITests" */ = {
			isa = XCConfigurationList;
			buildConfigurations = (
				6C8FFD30206BD23900C5698E /* Debug */,
				6C8FFD31206BD23900C5698E /* Release */,
			);
			defaultConfigurationIsVisible = 0;
			defaultConfigurationName = Release;
		};
/* End XCConfigurationList section */
	};
	rootObject = 6C8FFCF9206BD23800C5698E /* Project object */;
}
